dependencies:
- name: logging-operator-crds
  repository: ""
  version: 0.0.0
- name: telemetry-controller
  repository: oci://ghcr.io/kube-logging/helm-charts
  version: 0.1.0
digest: sha256:4cda06f5a29f44b374b97b4d2479b3947cba8908804378211942447da66668e5
generated: "2025-07-14T15:34:41.868489+02:00"
