dependencies:
- name: logging-operator-crds
  repository: ""
  version: 0.0.0
- name: telemetry-controller
  repository: oci://ghcr.io/kube-logging/helm-charts
  version: 0.0.14-dev5
digest: sha256:5531289f2326888b97c64bd1af4652a4656cfab7e12f8719343471a70b99e661
generated: "2024-12-13T11:47:32.933261+01:00"
