dependencies:
- name: minio
  repository: https://kubernetes-charts.storage.googleapis.com/
  version: 3.x.x
- name: log-generator
  repository: https://kubernetes-charts.banzaicloud.com/
  version: 0.1.1
digest: sha256:0693ffaf69293a09880d32c46d0d3ffb344556317484e962a41e0b2e7842af17
generated: "2019-12-13T13:31:01.727402+01:00"
