dependencies:
- name: minio
  repository: https://helm.min.io/
  version: 5.0.32
- name: log-generator
  repository: https://kubernetes-charts.banzaicloud.com/
  version: 0.1.3
digest: sha256:75866ed94702216801dc54e199cc88377ba4706c68058a94f35395a038f26453
generated: "2020-11-20T10:30:06.5424+01:00"
