dependencies:
- name: minio
  repository: https://helm.min.io/
  version: 8.0.8
- name: log-generator
  repository: https://kubernetes-charts.banzaicloud.com/
  version: 0.1.4
digest: sha256:6a29dc3b7164d06a50fb92e91a4ca9ffed3704c80ad454f35ad3e4e93b910dda
generated: "2020-12-15T20:58:16.71086+01:00"
